// !$*UTF8*$!
{
	archiveVersion = 1;
	classes = {
	};
	objectVersion = 56;
	objects = {

/* Begin PBXBuildFile section */
		B457611D2C2ADEEA00832CAE /* AddTransaction.swift in Sources */ = {isa = PBXBuildFile; fileRef = B457611C2C2ADEEA00832CAE /* AddTransaction.swift */; };
		B457611F2C2AE08300832CAE /* PlusButton.swift in Sources */ = {isa = PBXBuildFile; fileRef = B457611E2C2AE08300832CAE /* PlusButton.swift */; };
		B45761212C2AE14A00832CAE /* TransactionsList.swift in Sources */ = {isa = PBXBuildFile; fileRef = B45761202C2AE14A00832CAE /* TransactionsList.swift */; };
		B45761232C2AE43B00832CAE /* MoneyInput.swift in Sources */ = {isa = PBXBuildFile; fileRef = B45761222C2AE43B00832CAE /* MoneyInput.swift */; };
		B45761252C2AE8B500832CAE /* CustomNilDatePicker.swift in Sources */ = {isa = PBXBuildFile; fileRef = B45761242C2AE8B500832CAE /* CustomNilDatePicker.swift */; };
		B45761272C2AEE7D00832CAE /* CloseButton.swift in Sources */ = {isa = PBXBuildFile; fileRef = B45761262C2AEE7D00832CAE /* CloseButton.swift */; };
		B47162D62C2989B40030CE5B /* ETrackerApp.swift in Sources */ = {isa = PBXBuildFile; fileRef = B47162D52C2989B40030CE5B /* ETrackerApp.swift */; };
		B47162D82C2989B40030CE5B /* ContentView.swift in Sources */ = {isa = PBXBuildFile; fileRef = B47162D72C2989B40030CE5B /* ContentView.swift */; };
		B47162DA2C2989B50030CE5B /* Assets.xcassets in Resources */ = {isa = PBXBuildFile; fileRef = B47162D92C2989B50030CE5B /* Assets.xcassets */; };
		B47162DD2C2989B50030CE5B /* Preview Assets.xcassets in Resources */ = {isa = PBXBuildFile; fileRef = B47162DC2C2989B50030CE5B /* Preview Assets.xcassets */; };
		B47162E72C298A670030CE5B /* GoogleService-Info.plist in Resources */ = {isa = PBXBuildFile; fileRef = B47162E62C298A670030CE5B /* GoogleService-Info.plist */; };
		B47162EA2C298AB80030CE5B /* FirebaseAnalytics in Frameworks */ = {isa = PBXBuildFile; productRef = B47162E92C298AB80030CE5B /* FirebaseAnalytics */; };
		B47162EC2C298AB80030CE5B /* FirebaseAnalyticsSwift in Frameworks */ = {isa = PBXBuildFile; productRef = B47162EB2C298AB80030CE5B /* FirebaseAnalyticsSwift */; };
		B47162EE2C298AB80030CE5B /* FirebaseAuth in Frameworks */ = {isa = PBXBuildFile; productRef = B47162ED2C298AB80030CE5B /* FirebaseAuth */; };
		B471630B2C298E4F0030CE5B /* AuthenticationViewModel.swift in Sources */ = {isa = PBXBuildFile; fileRef = B471630A2C298E4F0030CE5B /* AuthenticationViewModel.swift */; };
		B471630D2C298E740030CE5B /* AuthService.swift in Sources */ = {isa = PBXBuildFile; fileRef = B471630C2C298E740030CE5B /* AuthService.swift */; };
		B471630F2C298EA90030CE5B /* ExpenseTrackerDatabase.swift in Sources */ = {isa = PBXBuildFile; fileRef = B471630E2C298EA90030CE5B /* ExpenseTrackerDatabase.swift */; };
		B47163112C298ECA0030CE5B /* Transaction.swift in Sources */ = {isa = PBXBuildFile; fileRef = B47163102C298ECA0030CE5B /* Transaction.swift */; };
		B47163152C298F2B0030CE5B /* Category.swift in Sources */ = {isa = PBXBuildFile; fileRef = B47163142C298F2B0030CE5B /* Category.swift */; };
		B47163172C298F450030CE5B /* Icon.swift in Sources */ = {isa = PBXBuildFile; fileRef = B47163162C298F450030CE5B /* Icon.swift */; };
		B47163192C298F530030CE5B /* HexColor.swift in Sources */ = {isa = PBXBuildFile; fileRef = B47163182C298F530030CE5B /* HexColor.swift */; };
		B471631B2C298F710030CE5B /* Subscription.swift in Sources */ = {isa = PBXBuildFile; fileRef = B471631A2C298F710030CE5B /* Subscription.swift */; };
		B471631D2C298F980030CE5B /* SubNotification.swift in Sources */ = {isa = PBXBuildFile; fileRef = B471631C2C298F980030CE5B /* SubNotification.swift */; };
		B471631F2C2992920030CE5B /* MainTab.swift in Sources */ = {isa = PBXBuildFile; fileRef = B471631E2C2992920030CE5B /* MainTab.swift */; };
		B47163212C2993580030CE5B /* SignInView.swift in Sources */ = {isa = PBXBuildFile; fileRef = B47163202C2993580030CE5B /* SignInView.swift */; };
		B47163232C2993730030CE5B /* ProfileBar.swift in Sources */ = {isa = PBXBuildFile; fileRef = B47163222C2993730030CE5B /* ProfileBar.swift */; };
		B47163262C299AD40030CE5B /* DateInput.swift in Sources */ = {isa = PBXBuildFile; fileRef = B47163252C299AD40030CE5B /* DateInput.swift */; };
		B47163282C299C7A0030CE5B /* VerticalDivider.swift in Sources */ = {isa = PBXBuildFile; fileRef = B47163272C299C7A0030CE5B /* VerticalDivider.swift */; };
		B471632A2C29A0EF0030CE5B /* CustomInputFieldModifier.swift in Sources */ = {isa = PBXBuildFile; fileRef = B47163292C29A0EF0030CE5B /* CustomInputFieldModifier.swift */; };
		B471632C2C29A2250030CE5B /* CustomInputField.swift in Sources */ = {isa = PBXBuildFile; fileRef = B471632B2C29A2250030CE5B /* CustomInputField.swift */; };
		B471632E2C29A6690030CE5B /* Buttons.swift in Sources */ = {isa = PBXBuildFile; fileRef = B471632D2C29A6690030CE5B /* Buttons.swift */; };
		B47163302C29A8150030CE5B /* Gradients.swift in Sources */ = {isa = PBXBuildFile; fileRef = B471632F2C29A8150030CE5B /* Gradients.swift */; };
		B47163322C29B58A0030CE5B /* FormDivider.swift in Sources */ = {isa = PBXBuildFile; fileRef = B47163312C29B58A0030CE5B /* FormDivider.swift */; };
		B47163342C29BF890030CE5B /* SignUpView.swift in Sources */ = {isa = PBXBuildFile; fileRef = B47163332C29BF890030CE5B /* SignUpView.swift */; };
		B47163362C29C6710030CE5B /* RestorePasswordView.swift in Sources */ = {isa = PBXBuildFile; fileRef = B47163352C29C6710030CE5B /* RestorePasswordView.swift */; };
		B47163382C29DCFC0030CE5B /* AuthenticationView.swift in Sources */ = {isa = PBXBuildFile; fileRef = B47163372C29DCFC0030CE5B /* AuthenticationView.swift */; };
		B471633D2C29E0B30030CE5B /* AccountView.swift in Sources */ = {isa = PBXBuildFile; fileRef = B471633C2C29E0B30030CE5B /* AccountView.swift */; };
		B471633F2C29E2EA0030CE5B /* TransactionsView.swift in Sources */ = {isa = PBXBuildFile; fileRef = B471633E2C29E2EA0030CE5B /* TransactionsView.swift */; };
		B47163412C29E32B0030CE5B /* TabItemModifier.swift in Sources */ = {isa = PBXBuildFile; fileRef = B47163402C29E32B0030CE5B /* TabItemModifier.swift */; };
		B47163432C29E3D60030CE5B /* TransactionsViewModel.swift in Sources */ = {isa = PBXBuildFile; fileRef = B47163422C29E3D60030CE5B /* TransactionsViewModel.swift */; };
		B47163462C29E44E0030CE5B /* CreateTransactionUseCase.swift in Sources */ = {isa = PBXBuildFile; fileRef = B47163452C29E44E0030CE5B /* CreateTransactionUseCase.swift */; };
		B47163482C29E5EF0030CE5B /* FetchAllTransactionsUseCase.swift in Sources */ = {isa = PBXBuildFile; fileRef = B47163472C29E5EF0030CE5B /* FetchAllTransactionsUseCase.swift */; };
		B471634A2C29E63F0030CE5B /* RemoveTransactionUseCase.swift in Sources */ = {isa = PBXBuildFile; fileRef = B47163492C29E63F0030CE5B /* RemoveTransactionUseCase.swift */; };
		B471634C2C29E6800030CE5B /* UpdateTransactionUseCase.swift in Sources */ = {isa = PBXBuildFile; fileRef = B471634B2C29E6800030CE5B /* UpdateTransactionUseCase.swift */; };
		B47A9C9D2C2F2596003B0A26 /* CategoriesRow.swift in Sources */ = {isa = PBXBuildFile; fileRef = B47A9C9C2C2F2596003B0A26 /* CategoriesRow.swift */; };
		B47A9C9F2C2F2784003B0A26 /* RoundedIcon.swift in Sources */ = {isa = PBXBuildFile; fileRef = B47A9C9E2C2F2784003B0A26 /* RoundedIcon.swift */; };
		B48AFB212C29F540008C0886 /* TransactionCell.swift in Sources */ = {isa = PBXBuildFile; fileRef = B48AFB202C29F540008C0886 /* TransactionCell.swift */; };
		B48AFB232C29F7E2008C0886 /* CardView.swift in Sources */ = {isa = PBXBuildFile; fileRef = B48AFB222C29F7E2008C0886 /* CardView.swift */; };
		B48AFB252C29FD19008C0886 /* NumberFormatter.swift in Sources */ = {isa = PBXBuildFile; fileRef = B48AFB242C29FD19008C0886 /* NumberFormatter.swift */; };
		B48FA6572C32F8CF005C4573 /* TransactionInfo.swift in Sources */ = {isa = PBXBuildFile; fileRef = B48FA6562C32F8CF005C4573 /* TransactionInfo.swift */; };
		B48FA6592C331978005C4573 /* ReceiptView.swift in Sources */ = {isa = PBXBuildFile; fileRef = B48FA6582C331978005C4573 /* ReceiptView.swift */; };
		B4969D902C3407C9004EF398 /* EditTransaction.swift in Sources */ = {isa = PBXBuildFile; fileRef = B4969D8F2C3407C9004EF398 /* EditTransaction.swift */; };
		B4969D922C34139D004EF398 /* CustomTabBar.swift in Sources */ = {isa = PBXBuildFile; fileRef = B4969D912C34139D004EF398 /* CustomTabBar.swift */; };
		B4969D942C3416C3004EF398 /* RootView.swift in Sources */ = {isa = PBXBuildFile; fileRef = B4969D932C3416C3004EF398 /* RootView.swift */; };
		B4969D972C341949004EF398 /* Tab.swift in Sources */ = {isa = PBXBuildFile; fileRef = B4969D962C341949004EF398 /* Tab.swift */; };
		B4969D992C341D67004EF398 /* SubscriptionsView.swift in Sources */ = {isa = PBXBuildFile; fileRef = B4969D982C341D67004EF398 /* SubscriptionsView.swift */; };
		B4969D9C2C341D86004EF398 /* AnalyticsView.swift in Sources */ = {isa = PBXBuildFile; fileRef = B4969D9B2C341D86004EF398 /* AnalyticsView.swift */; };
		B4969D9F2C341DA4004EF398 /* SettingsView.swift in Sources */ = {isa = PBXBuildFile; fileRef = B4969D9E2C341DA4004EF398 /* SettingsView.swift */; };
		B4BC51252C3ED306009026B4 /* RoundedButton.swift in Sources */ = {isa = PBXBuildFile; fileRef = B4BC51242C3ED306009026B4 /* RoundedButton.swift */; };
		B4BDD1EE2C2C0794005934AD /* ImageInput.swift in Sources */ = {isa = PBXBuildFile; fileRef = B4BDD1ED2C2C0794005934AD /* ImageInput.swift */; };
		B4BDD1F02C2C0E18005934AD /* ImagePicker.swift in Sources */ = {isa = PBXBuildFile; fileRef = B4BDD1EF2C2C0E18005934AD /* ImagePicker.swift */; };
		B4BDD1F22C2C14AC005934AD /* CustomCapsule.swift in Sources */ = {isa = PBXBuildFile; fileRef = B4BDD1F12C2C14AC005934AD /* CustomCapsule.swift */; };
		B4BDD1F42C2C2B45005934AD /* CategoryPicker.swift in Sources */ = {isa = PBXBuildFile; fileRef = B4BDD1F32C2C2B45005934AD /* CategoryPicker.swift */; };
		B4BDD1F62C2C2E57005934AD /* TestView.swift in Sources */ = {isa = PBXBuildFile; fileRef = B4BDD1F52C2C2E57005934AD /* TestView.swift */; };
		B4BDD1F82C2C389F005934AD /* CategoriesViewModel.swift in Sources */ = {isa = PBXBuildFile; fileRef = B4BDD1F72C2C389F005934AD /* CategoriesViewModel.swift */; };
		B4BDD1FB2C2C38F1005934AD /* CreateCategoryUseCase.swift in Sources */ = {isa = PBXBuildFile; fileRef = B4BDD1FA2C2C38F1005934AD /* CreateCategoryUseCase.swift */; };
		B4BDD1FD2C2C3A3F005934AD /* FetchAllCategoriesUseCase.swift in Sources */ = {isa = PBXBuildFile; fileRef = B4BDD1FC2C2C3A3F005934AD /* FetchAllCategoriesUseCase.swift */; };
		B4BDD1FF2C2C3B3E005934AD /* RemoveCategoryUseCase.swift in Sources */ = {isa = PBXBuildFile; fileRef = B4BDD1FE2C2C3B3E005934AD /* RemoveCategoryUseCase.swift */; };
		B4BDD2012C2C3C35005934AD /* UpdateCategoryUseCase.swift in Sources */ = {isa = PBXBuildFile; fileRef = B4BDD2002C2C3C35005934AD /* UpdateCategoryUseCase.swift */; };
		B4D855442C3EE23500E0AD4B /* Logo.swift in Sources */ = {isa = PBXBuildFile; fileRef = B4D855432C3EE23500E0AD4B /* Logo.swift */; };
		B4D855462C3EE39300E0AD4B /* SubscriptionsViewModel.swift in Sources */ = {isa = PBXBuildFile; fileRef = B4D855452C3EE39300E0AD4B /* SubscriptionsViewModel.swift */; };
		B4D855492C3EE3AE00E0AD4B /* CreateSubscriptionUseCase.swift in Sources */ = {isa = PBXBuildFile; fileRef = B4D855482C3EE3AE00E0AD4B /* CreateSubscriptionUseCase.swift */; };
		B4D8554B2C3EE49800E0AD4B /* FetchAllSubscriptionsUseCase.swift in Sources */ = {isa = PBXBuildFile; fileRef = B4D8554A2C3EE49800E0AD4B /* FetchAllSubscriptionsUseCase.swift */; };
		B4D8554D2C3EE4FB00E0AD4B /* UpdateSubscriptionUseCase.swift in Sources */ = {isa = PBXBuildFile; fileRef = B4D8554C2C3EE4FB00E0AD4B /* UpdateSubscriptionUseCase.swift */; };
		B4D8554F2C3EE58900E0AD4B /* RemoveSubscriptionUseCase.swift in Sources */ = {isa = PBXBuildFile; fileRef = B4D8554E2C3EE58900E0AD4B /* RemoveSubscriptionUseCase.swift */; };
		B4D855512C3EE9E000E0AD4B /* AddSubscription.swift in Sources */ = {isa = PBXBuildFile; fileRef = B4D855502C3EE9E000E0AD4B /* AddSubscription.swift */; };
		B4D855552C3EF94700E0AD4B /* NotificationsView.swift in Sources */ = {isa = PBXBuildFile; fileRef = B4D855542C3EF94700E0AD4B /* NotificationsView.swift */; };
/* End PBXBuildFile section */

/* Begin PBXFileReference section */
		B457611C2C2ADEEA00832CAE /* AddTransaction.swift */ = {isa = PBXFileReference; lastKnownFileType = sourcecode.swift; path = AddTransaction.swift; sourceTree = "<group>"; };
		B457611E2C2AE08300832CAE /* PlusButton.swift */ = {isa = PBXFileReference; lastKnownFileType = sourcecode.swift; path = PlusButton.swift; sourceTree = "<group>"; };
		B45761202C2AE14A00832CAE /* TransactionsList.swift */ = {isa = PBXFileReference; lastKnownFileType = sourcecode.swift; path = TransactionsList.swift; sourceTree = "<group>"; };
		B45761222C2AE43B00832CAE /* MoneyInput.swift */ = {isa = PBXFileReference; lastKnownFileType = sourcecode.swift; path = MoneyInput.swift; sourceTree = "<group>"; };
		B45761242C2AE8B500832CAE /* CustomNilDatePicker.swift */ = {isa = PBXFileReference; lastKnownFileType = sourcecode.swift; path = CustomNilDatePicker.swift; sourceTree = "<group>"; };
		B45761262C2AEE7D00832CAE /* CloseButton.swift */ = {isa = PBXFileReference; lastKnownFileType = sourcecode.swift; path = CloseButton.swift; sourceTree = "<group>"; };
		B47162D22C2989B40030CE5B /* ETracker.app */ = {isa = PBXFileReference; explicitFileType = wrapper.application; includeInIndex = 0; path = ETracker.app; sourceTree = BUILT_PRODUCTS_DIR; };
		B47162D52C2989B40030CE5B /* ETrackerApp.swift */ = {isa = PBXFileReference; lastKnownFileType = sourcecode.swift; path = ETrackerApp.swift; sourceTree = "<group>"; };
		B47162D72C2989B40030CE5B /* ContentView.swift */ = {isa = PBXFileReference; lastKnownFileType = sourcecode.swift; path = ContentView.swift; sourceTree = "<group>"; };
		B47162D92C2989B50030CE5B /* Assets.xcassets */ = {isa = PBXFileReference; lastKnownFileType = folder.assetcatalog; path = Assets.xcassets; sourceTree = "<group>"; };
		B47162DC2C2989B50030CE5B /* Preview Assets.xcassets */ = {isa = PBXFileReference; lastKnownFileType = folder.assetcatalog; path = "Preview Assets.xcassets"; sourceTree = "<group>"; };
		B47162E52C298A190030CE5B /* README.md */ = {isa = PBXFileReference; lastKnownFileType = net.daringfireball.markdown; path = README.md; sourceTree = "<group>"; };
		B47162E62C298A670030CE5B /* GoogleService-Info.plist */ = {isa = PBXFileReference; fileEncoding = 4; lastKnownFileType = text.plist.xml; path = "GoogleService-Info.plist"; sourceTree = "<group>"; };
		B471630A2C298E4F0030CE5B /* AuthenticationViewModel.swift */ = {isa = PBXFileReference; lastKnownFileType = sourcecode.swift; path = AuthenticationViewModel.swift; sourceTree = "<group>"; };
		B471630C2C298E740030CE5B /* AuthService.swift */ = {isa = PBXFileReference; lastKnownFileType = sourcecode.swift; path = AuthService.swift; sourceTree = "<group>"; };
		B471630E2C298EA90030CE5B /* ExpenseTrackerDatabase.swift */ = {isa = PBXFileReference; lastKnownFileType = sourcecode.swift; path = ExpenseTrackerDatabase.swift; sourceTree = "<group>"; };
		B47163102C298ECA0030CE5B /* Transaction.swift */ = {isa = PBXFileReference; lastKnownFileType = sourcecode.swift; path = Transaction.swift; sourceTree = "<group>"; };
		B47163142C298F2B0030CE5B /* Category.swift */ = {isa = PBXFileReference; lastKnownFileType = sourcecode.swift; path = Category.swift; sourceTree = "<group>"; };
		B47163162C298F450030CE5B /* Icon.swift */ = {isa = PBXFileReference; lastKnownFileType = sourcecode.swift; path = Icon.swift; sourceTree = "<group>"; };
		B47163182C298F530030CE5B /* HexColor.swift */ = {isa = PBXFileReference; lastKnownFileType = sourcecode.swift; path = HexColor.swift; sourceTree = "<group>"; };
		B471631A2C298F710030CE5B /* Subscription.swift */ = {isa = PBXFileReference; lastKnownFileType = sourcecode.swift; path = Subscription.swift; sourceTree = "<group>"; };
		B471631C2C298F980030CE5B /* SubNotification.swift */ = {isa = PBXFileReference; lastKnownFileType = sourcecode.swift; path = SubNotification.swift; sourceTree = "<group>"; };
		B471631E2C2992920030CE5B /* MainTab.swift */ = {isa = PBXFileReference; lastKnownFileType = sourcecode.swift; path = MainTab.swift; sourceTree = "<group>"; };
		B47163202C2993580030CE5B /* SignInView.swift */ = {isa = PBXFileReference; lastKnownFileType = sourcecode.swift; path = SignInView.swift; sourceTree = "<group>"; };
		B47163222C2993730030CE5B /* ProfileBar.swift */ = {isa = PBXFileReference; lastKnownFileType = sourcecode.swift; path = ProfileBar.swift; sourceTree = "<group>"; };
		B47163252C299AD40030CE5B /* DateInput.swift */ = {isa = PBXFileReference; lastKnownFileType = sourcecode.swift; path = DateInput.swift; sourceTree = "<group>"; };
		B47163272C299C7A0030CE5B /* VerticalDivider.swift */ = {isa = PBXFileReference; lastKnownFileType = sourcecode.swift; path = VerticalDivider.swift; sourceTree = "<group>"; };
		B47163292C29A0EF0030CE5B /* CustomInputFieldModifier.swift */ = {isa = PBXFileReference; lastKnownFileType = sourcecode.swift; path = CustomInputFieldModifier.swift; sourceTree = "<group>"; };
		B471632B2C29A2250030CE5B /* CustomInputField.swift */ = {isa = PBXFileReference; lastKnownFileType = sourcecode.swift; path = CustomInputField.swift; sourceTree = "<group>"; };
		B471632D2C29A6690030CE5B /* Buttons.swift */ = {isa = PBXFileReference; lastKnownFileType = sourcecode.swift; path = Buttons.swift; sourceTree = "<group>"; };
		B471632F2C29A8150030CE5B /* Gradients.swift */ = {isa = PBXFileReference; lastKnownFileType = sourcecode.swift; path = Gradients.swift; sourceTree = "<group>"; };
		B47163312C29B58A0030CE5B /* FormDivider.swift */ = {isa = PBXFileReference; lastKnownFileType = sourcecode.swift; path = FormDivider.swift; sourceTree = "<group>"; };
		B47163332C29BF890030CE5B /* SignUpView.swift */ = {isa = PBXFileReference; lastKnownFileType = sourcecode.swift; path = SignUpView.swift; sourceTree = "<group>"; };
		B47163352C29C6710030CE5B /* RestorePasswordView.swift */ = {isa = PBXFileReference; lastKnownFileType = sourcecode.swift; path = RestorePasswordView.swift; sourceTree = "<group>"; };
		B47163372C29DCFC0030CE5B /* AuthenticationView.swift */ = {isa = PBXFileReference; lastKnownFileType = sourcecode.swift; path = AuthenticationView.swift; sourceTree = "<group>"; };
		B471633C2C29E0B30030CE5B /* AccountView.swift */ = {isa = PBXFileReference; lastKnownFileType = sourcecode.swift; path = AccountView.swift; sourceTree = "<group>"; };
		B471633E2C29E2EA0030CE5B /* TransactionsView.swift */ = {isa = PBXFileReference; lastKnownFileType = sourcecode.swift; path = TransactionsView.swift; sourceTree = "<group>"; };
		B47163402C29E32B0030CE5B /* TabItemModifier.swift */ = {isa = PBXFileReference; lastKnownFileType = sourcecode.swift; path = TabItemModifier.swift; sourceTree = "<group>"; };
		B47163422C29E3D60030CE5B /* TransactionsViewModel.swift */ = {isa = PBXFileReference; lastKnownFileType = sourcecode.swift; path = TransactionsViewModel.swift; sourceTree = "<group>"; };
		B47163452C29E44E0030CE5B /* CreateTransactionUseCase.swift */ = {isa = PBXFileReference; lastKnownFileType = sourcecode.swift; path = CreateTransactionUseCase.swift; sourceTree = "<group>"; };
		B47163472C29E5EF0030CE5B /* FetchAllTransactionsUseCase.swift */ = {isa = PBXFileReference; lastKnownFileType = sourcecode.swift; path = FetchAllTransactionsUseCase.swift; sourceTree = "<group>"; };
		B47163492C29E63F0030CE5B /* RemoveTransactionUseCase.swift */ = {isa = PBXFileReference; lastKnownFileType = sourcecode.swift; path = RemoveTransactionUseCase.swift; sourceTree = "<group>"; };
		B471634B2C29E6800030CE5B /* UpdateTransactionUseCase.swift */ = {isa = PBXFileReference; lastKnownFileType = sourcecode.swift; path = UpdateTransactionUseCase.swift; sourceTree = "<group>"; };
		B47A9C9C2C2F2596003B0A26 /* CategoriesRow.swift */ = {isa = PBXFileReference; lastKnownFileType = sourcecode.swift; path = CategoriesRow.swift; sourceTree = "<group>"; };
		B47A9C9E2C2F2784003B0A26 /* RoundedIcon.swift */ = {isa = PBXFileReference; lastKnownFileType = sourcecode.swift; path = RoundedIcon.swift; sourceTree = "<group>"; };
		B48AFB202C29F540008C0886 /* TransactionCell.swift */ = {isa = PBXFileReference; lastKnownFileType = sourcecode.swift; path = TransactionCell.swift; sourceTree = "<group>"; };
		B48AFB222C29F7E2008C0886 /* CardView.swift */ = {isa = PBXFileReference; lastKnownFileType = sourcecode.swift; path = CardView.swift; sourceTree = "<group>"; };
		B48AFB242C29FD19008C0886 /* NumberFormatter.swift */ = {isa = PBXFileReference; lastKnownFileType = sourcecode.swift; path = NumberFormatter.swift; sourceTree = "<group>"; };
		B48FA6562C32F8CF005C4573 /* TransactionInfo.swift */ = {isa = PBXFileReference; lastKnownFileType = sourcecode.swift; path = TransactionInfo.swift; sourceTree = "<group>"; };
		B48FA6582C331978005C4573 /* ReceiptView.swift */ = {isa = PBXFileReference; lastKnownFileType = sourcecode.swift; path = ReceiptView.swift; sourceTree = "<group>"; };
		B4969D8F2C3407C9004EF398 /* EditTransaction.swift */ = {isa = PBXFileReference; lastKnownFileType = sourcecode.swift; path = EditTransaction.swift; sourceTree = "<group>"; };
		B4969D912C34139D004EF398 /* CustomTabBar.swift */ = {isa = PBXFileReference; lastKnownFileType = sourcecode.swift; path = CustomTabBar.swift; sourceTree = "<group>"; };
		B4969D932C3416C3004EF398 /* RootView.swift */ = {isa = PBXFileReference; lastKnownFileType = sourcecode.swift; path = RootView.swift; sourceTree = "<group>"; };
		B4969D962C341949004EF398 /* Tab.swift */ = {isa = PBXFileReference; lastKnownFileType = sourcecode.swift; path = Tab.swift; sourceTree = "<group>"; };
		B4969D982C341D67004EF398 /* SubscriptionsView.swift */ = {isa = PBXFileReference; lastKnownFileType = sourcecode.swift; path = SubscriptionsView.swift; sourceTree = "<group>"; };
		B4969D9B2C341D86004EF398 /* AnalyticsView.swift */ = {isa = PBXFileReference; lastKnownFileType = sourcecode.swift; path = AnalyticsView.swift; sourceTree = "<group>"; };
		B4969D9E2C341DA4004EF398 /* SettingsView.swift */ = {isa = PBXFileReference; lastKnownFileType = sourcecode.swift; path = SettingsView.swift; sourceTree = "<group>"; };
		B4BC51242C3ED306009026B4 /* RoundedButton.swift */ = {isa = PBXFileReference; lastKnownFileType = sourcecode.swift; path = RoundedButton.swift; sourceTree = "<group>"; };
		B4BDD1ED2C2C0794005934AD /* ImageInput.swift */ = {isa = PBXFileReference; lastKnownFileType = sourcecode.swift; path = ImageInput.swift; sourceTree = "<group>"; };
		B4BDD1EF2C2C0E18005934AD /* ImagePicker.swift */ = {isa = PBXFileReference; lastKnownFileType = sourcecode.swift; path = ImagePicker.swift; sourceTree = "<group>"; };
		B4BDD1F12C2C14AC005934AD /* CustomCapsule.swift */ = {isa = PBXFileReference; lastKnownFileType = sourcecode.swift; path = CustomCapsule.swift; sourceTree = "<group>"; };
		B4BDD1F32C2C2B45005934AD /* CategoryPicker.swift */ = {isa = PBXFileReference; lastKnownFileType = sourcecode.swift; path = CategoryPicker.swift; sourceTree = "<group>"; };
		B4BDD1F52C2C2E57005934AD /* TestView.swift */ = {isa = PBXFileReference; lastKnownFileType = sourcecode.swift; path = TestView.swift; sourceTree = "<group>"; };
		B4BDD1F72C2C389F005934AD /* CategoriesViewModel.swift */ = {isa = PBXFileReference; lastKnownFileType = sourcecode.swift; path = CategoriesViewModel.swift; sourceTree = "<group>"; };
		B4BDD1FA2C2C38F1005934AD /* CreateCategoryUseCase.swift */ = {isa = PBXFileReference; lastKnownFileType = sourcecode.swift; path = CreateCategoryUseCase.swift; sourceTree = "<group>"; };
		B4BDD1FC2C2C3A3F005934AD /* FetchAllCategoriesUseCase.swift */ = {isa = PBXFileReference; lastKnownFileType = sourcecode.swift; path = FetchAllCategoriesUseCase.swift; sourceTree = "<group>"; };
		B4BDD1FE2C2C3B3E005934AD /* RemoveCategoryUseCase.swift */ = {isa = PBXFileReference; lastKnownFileType = sourcecode.swift; path = RemoveCategoryUseCase.swift; sourceTree = "<group>"; };
		B4BDD2002C2C3C35005934AD /* UpdateCategoryUseCase.swift */ = {isa = PBXFileReference; lastKnownFileType = sourcecode.swift; path = UpdateCategoryUseCase.swift; sourceTree = "<group>"; };
		B4D855432C3EE23500E0AD4B /* Logo.swift */ = {isa = PBXFileReference; lastKnownFileType = sourcecode.swift; path = Logo.swift; sourceTree = "<group>"; };
		B4D855452C3EE39300E0AD4B /* SubscriptionsViewModel.swift */ = {isa = PBXFileReference; lastKnownFileType = sourcecode.swift; path = SubscriptionsViewModel.swift; sourceTree = "<group>"; };
		B4D855482C3EE3AE00E0AD4B /* CreateSubscriptionUseCase.swift */ = {isa = PBXFileReference; lastKnownFileType = sourcecode.swift; path = CreateSubscriptionUseCase.swift; sourceTree = "<group>"; };
		B4D8554A2C3EE49800E0AD4B /* FetchAllSubscriptionsUseCase.swift */ = {isa = PBXFileReference; lastKnownFileType = sourcecode.swift; path = FetchAllSubscriptionsUseCase.swift; sourceTree = "<group>"; };
		B4D8554C2C3EE4FB00E0AD4B /* UpdateSubscriptionUseCase.swift */ = {isa = PBXFileReference; lastKnownFileType = sourcecode.swift; path = UpdateSubscriptionUseCase.swift; sourceTree = "<group>"; };
		B4D8554E2C3EE58900E0AD4B /* RemoveSubscriptionUseCase.swift */ = {isa = PBXFileReference; lastKnownFileType = sourcecode.swift; path = RemoveSubscriptionUseCase.swift; sourceTree = "<group>"; };
		B4D855502C3EE9E000E0AD4B /* AddSubscription.swift */ = {isa = PBXFileReference; lastKnownFileType = sourcecode.swift; path = AddSubscription.swift; sourceTree = "<group>"; };
		B4D855542C3EF94700E0AD4B /* NotificationsView.swift */ = {isa = PBXFileReference; lastKnownFileType = sourcecode.swift; path = NotificationsView.swift; sourceTree = "<group>"; };
/* End PBXFileReference section */

/* Begin PBXFrameworksBuildPhase section */
		B47162CF2C2989B40030CE5B /* Frameworks */ = {
			isa = PBXFrameworksBuildPhase;
			buildActionMask = 2147483647;
			files = (
				B47162EC2C298AB80030CE5B /* FirebaseAnalyticsSwift in Frameworks */,
				B47162EE2C298AB80030CE5B /* FirebaseAuth in Frameworks */,
				B47162EA2C298AB80030CE5B /* FirebaseAnalytics in Frameworks */,
			);
			runOnlyForDeploymentPostprocessing = 0;
		};
/* End PBXFrameworksBuildPhase section */

/* Begin PBXGroup section */
		B47162C92C2989B30030CE5B = {
			isa = PBXGroup;
			children = (
				B47162E52C298A190030CE5B /* README.md */,
				B47162D42C2989B40030CE5B /* ETracker */,
				B47162D32C2989B40030CE5B /* Products */,
			);
			sourceTree = "<group>";
		};
		B47162D32C2989B40030CE5B /* Products */ = {
			isa = PBXGroup;
			children = (
				B47162D22C2989B40030CE5B /* ETracker.app */,
			);
			name = Products;
			sourceTree = "<group>";
		};
		B47162D42C2989B40030CE5B /* ETracker */ = {
			isa = PBXGroup;
			children = (
				B47162E32C2989C80030CE5B /* App */,
				B47162F22C298B600030CE5B /* Core */,
				B47162F12C298B560030CE5B /* UseCases */,
				B47162E42C2989F70030CE5B /* Resources */,
			);
			path = ETracker;
			sourceTree = "<group>";
		};
		B47162DB2C2989B50030CE5B /* Preview Content */ = {
			isa = PBXGroup;
			children = (
				B47162DC2C2989B50030CE5B /* Preview Assets.xcassets */,
			);
			path = "Preview Content";
			sourceTree = "<group>";
		};
		B47162E32C2989C80030CE5B /* App */ = {
			isa = PBXGroup;
			children = (
				B47162D52C2989B40030CE5B /* ETrackerApp.swift */,
				B47162D72C2989B40030CE5B /* ContentView.swift */,
			);
			path = App;
			sourceTree = "<group>";
		};
		B47162E42C2989F70030CE5B /* Resources */ = {
			isa = PBXGroup;
			children = (
				B47162E62C298A670030CE5B /* GoogleService-Info.plist */,
				B47162D92C2989B50030CE5B /* Assets.xcassets */,
				B47162DB2C2989B50030CE5B /* Preview Content */,
			);
			path = Resources;
			sourceTree = "<group>";
		};
		B47162EF2C298B2C0030CE5B /* Root */ = {
			isa = PBXGroup;
			children = (
				B4969D952C34193E004EF398 /* Models */,
				B47163242C299AC30030CE5B /* Components */,
				B471631E2C2992920030CE5B /* MainTab.swift */,
				B4BDD1F52C2C2E57005934AD /* TestView.swift */,
				B4969D932C3416C3004EF398 /* RootView.swift */,
			);
			path = Root;
			sourceTree = "<group>";
		};
		B47162F12C298B560030CE5B /* UseCases */ = {
			isa = PBXGroup;
			children = (
				B4D855472C3EE39D00E0AD4B /* Subscription */,
				B4BDD1F92C2C38E6005934AD /* Categories */,
				B47163442C29E43C0030CE5B /* Transactions */,
			);
			path = UseCases;
			sourceTree = "<group>";
		};
		B47162F22C298B600030CE5B /* Core */ = {
			isa = PBXGroup;
			children = (
				B47162EF2C298B2C0030CE5B /* Root */,
				B47163392C29E0960030CE5B /* Account */,
				B47162F32C298B710030CE5B /* Analytics */,
				B47162F42C298B780030CE5B /* Authentication */,
				B47162F52C298B7E0030CE5B /* Categories */,
				B47162F62C298B840030CE5B /* Database */,
				B47162F72C298B8A0030CE5B /* Extensions&Modifiers */,
				B4D855522C3EF92900E0AD4B /* Notifications */,
				B47162F92C298B940030CE5B /* Services */,
				B47162FA2C298B990030CE5B /* Settings */,
				B47162FB2C298B9F0030CE5B /* Subscriptions */,
				B47162FC2C298BA40030CE5B /* Transactions */,
			);
			path = Core;
			sourceTree = "<group>";
		};
		B47162F32C298B710030CE5B /* Analytics */ = {
			isa = PBXGroup;
			children = (
				B4969D9A2C341D7E004EF398 /* Views */,
			);
			path = Analytics;
			sourceTree = "<group>";
		};
		B47162F42C298B780030CE5B /* Authentication */ = {
			isa = PBXGroup;
			children = (
				B47162FE2C298BDA0030CE5B /* Views */,
				B47162FD2C298BD70030CE5B /* ViewModels */,
			);
			path = Authentication;
			sourceTree = "<group>";
		};
		B47162F52C298B7E0030CE5B /* Categories */ = {
			isa = PBXGroup;
			children = (
				B47163012C298BE90030CE5B /* Models */,
				B47163002C298BE60030CE5B /* Views */,
				B47162FF2C298BE10030CE5B /* ViewModels */,
			);
			path = Categories;
			sourceTree = "<group>";
		};
		B47162F62C298B840030CE5B /* Database */ = {
			isa = PBXGroup;
			children = (
				B471630E2C298EA90030CE5B /* ExpenseTrackerDatabase.swift */,
			);
			path = Database;
			sourceTree = "<group>";
		};
		B47162F72C298B8A0030CE5B /* Extensions&Modifiers */ = {
			isa = PBXGroup;
			children = (
				B47163292C29A0EF0030CE5B /* CustomInputFieldModifier.swift */,
				B471632D2C29A6690030CE5B /* Buttons.swift */,
				B471632F2C29A8150030CE5B /* Gradients.swift */,
				B47163182C298F530030CE5B /* HexColor.swift */,
				B48AFB242C29FD19008C0886 /* NumberFormatter.swift */,
				B47163402C29E32B0030CE5B /* TabItemModifier.swift */,
			);
			path = "Extensions&Modifiers";
			sourceTree = "<group>";
		};
		B47162F92C298B940030CE5B /* Services */ = {
			isa = PBXGroup;
			children = (
				B47163032C298BFE0030CE5B /* Authentication */,
				B47163022C298BF90030CE5B /* Notifications */,
			);
			path = Services;
			sourceTree = "<group>";
		};
		B47162FA2C298B990030CE5B /* Settings */ = {
			isa = PBXGroup;
			children = (
				B4969D9D2C341D9C004EF398 /* Views */,
			);
			path = Settings;
			sourceTree = "<group>";
		};
		B47162FB2C298B9F0030CE5B /* Subscriptions */ = {
			isa = PBXGroup;
			children = (
				B47163062C298C0E0030CE5B /* Models */,
				B47163052C298C0B0030CE5B /* Views */,
				B47163042C298C090030CE5B /* ViewModels */,
			);
			path = Subscriptions;
			sourceTree = "<group>";
		};
		B47162FC2C298BA40030CE5B /* Transactions */ = {
			isa = PBXGroup;
			children = (
				B47163092C298C180030CE5B /* Models */,
				B47163082C298C160030CE5B /* Views */,
				B47163072C298C130030CE5B /* ViewModels */,
			);
			path = Transactions;
			sourceTree = "<group>";
		};
		B47162FD2C298BD70030CE5B /* ViewModels */ = {
			isa = PBXGroup;
			children = (
				B471630A2C298E4F0030CE5B /* AuthenticationViewModel.swift */,
			);
			path = ViewModels;
			sourceTree = "<group>";
		};
		B47162FE2C298BDA0030CE5B /* Views */ = {
			isa = PBXGroup;
			children = (
				B47163202C2993580030CE5B /* SignInView.swift */,
				B47163332C29BF890030CE5B /* SignUpView.swift */,
				B47163352C29C6710030CE5B /* RestorePasswordView.swift */,
				B47163372C29DCFC0030CE5B /* AuthenticationView.swift */,
			);
			path = Views;
			sourceTree = "<group>";
		};
		B47162FF2C298BE10030CE5B /* ViewModels */ = {
			isa = PBXGroup;
			children = (
				B4BDD1F72C2C389F005934AD /* CategoriesViewModel.swift */,
			);
			path = ViewModels;
			sourceTree = "<group>";
		};
		B47163002C298BE60030CE5B /* Views */ = {
			isa = PBXGroup;
			children = (
				B47A9C9C2C2F2596003B0A26 /* CategoriesRow.swift */,
			);
			path = Views;
			sourceTree = "<group>";
		};
		B47163012C298BE90030CE5B /* Models */ = {
			isa = PBXGroup;
			children = (
				B47163142C298F2B0030CE5B /* Category.swift */,
				B47163162C298F450030CE5B /* Icon.swift */,
			);
			path = Models;
			sourceTree = "<group>";
		};
		B47163022C298BF90030CE5B /* Notifications */ = {
			isa = PBXGroup;
			children = (
			);
			path = Notifications;
			sourceTree = "<group>";
		};
		B47163032C298BFE0030CE5B /* Authentication */ = {
			isa = PBXGroup;
			children = (
				B471630C2C298E740030CE5B /* AuthService.swift */,
			);
			path = Authentication;
			sourceTree = "<group>";
		};
		B47163042C298C090030CE5B /* ViewModels */ = {
			isa = PBXGroup;
			children = (
				B4D855452C3EE39300E0AD4B /* SubscriptionsViewModel.swift */,
			);
			path = ViewModels;
			sourceTree = "<group>";
		};
		B47163052C298C0B0030CE5B /* Views */ = {
			isa = PBXGroup;
			children = (
				B4969D982C341D67004EF398 /* SubscriptionsView.swift */,
				B4D855502C3EE9E000E0AD4B /* AddSubscription.swift */,
			);
			path = Views;
			sourceTree = "<group>";
		};
		B47163062C298C0E0030CE5B /* Models */ = {
			isa = PBXGroup;
			children = (
				B471631A2C298F710030CE5B /* Subscription.swift */,
				B471631C2C298F980030CE5B /* SubNotification.swift */,
				B4D855432C3EE23500E0AD4B /* Logo.swift */,
			);
			path = Models;
			sourceTree = "<group>";
		};
		B47163072C298C130030CE5B /* ViewModels */ = {
			isa = PBXGroup;
			children = (
				B47163422C29E3D60030CE5B /* TransactionsViewModel.swift */,
			);
			path = ViewModels;
			sourceTree = "<group>";
		};
		B47163082C298C160030CE5B /* Views */ = {
			isa = PBXGroup;
			children = (
				B457611C2C2ADEEA00832CAE /* AddTransaction.swift */,
				B48AFB222C29F7E2008C0886 /* CardView.swift */,
				B48AFB202C29F540008C0886 /* TransactionCell.swift */,
				B45761202C2AE14A00832CAE /* TransactionsList.swift */,
				B471633E2C29E2EA0030CE5B /* TransactionsView.swift */,
				B48FA6562C32F8CF005C4573 /* TransactionInfo.swift */,
				B48FA6582C331978005C4573 /* ReceiptView.swift */,
				B4969D8F2C3407C9004EF398 /* EditTransaction.swift */,
			);
			path = Views;
			sourceTree = "<group>";
		};
		B47163092C298C180030CE5B /* Models */ = {
			isa = PBXGroup;
			children = (
				B47163102C298ECA0030CE5B /* Transaction.swift */,
			);
			path = Models;
			sourceTree = "<group>";
		};
		B47163242C299AC30030CE5B /* Components */ = {
			isa = PBXGroup;
			children = (
				B4BDD1F32C2C2B45005934AD /* CategoryPicker.swift */,
				B45761262C2AEE7D00832CAE /* CloseButton.swift */,
				B4BDD1F12C2C14AC005934AD /* CustomCapsule.swift */,
				B471632B2C29A2250030CE5B /* CustomInputField.swift */,
				B45761242C2AE8B500832CAE /* CustomNilDatePicker.swift */,
				B4969D912C34139D004EF398 /* CustomTabBar.swift */,
				B47163252C299AD40030CE5B /* DateInput.swift */,
				B47163312C29B58A0030CE5B /* FormDivider.swift */,
				B4BDD1ED2C2C0794005934AD /* ImageInput.swift */,
				B4BDD1EF2C2C0E18005934AD /* ImagePicker.swift */,
				B45761222C2AE43B00832CAE /* MoneyInput.swift */,
				B457611E2C2AE08300832CAE /* PlusButton.swift */,
				B47163222C2993730030CE5B /* ProfileBar.swift */,
				B4BC51242C3ED306009026B4 /* RoundedButton.swift */,
				B47A9C9E2C2F2784003B0A26 /* RoundedIcon.swift */,
				B47163272C299C7A0030CE5B /* VerticalDivider.swift */,
			);
			path = Components;
			sourceTree = "<group>";
		};
		B47163392C29E0960030CE5B /* Account */ = {
			isa = PBXGroup;
			children = (
				B471633B2C29E0A60030CE5B /* View */,
				B471633A2C29E0A30030CE5B /* ViewModels */,
			);
			path = Account;
			sourceTree = "<group>";
		};
		B471633A2C29E0A30030CE5B /* ViewModels */ = {
			isa = PBXGroup;
			children = (
			);
			path = ViewModels;
			sourceTree = "<group>";
		};
		B471633B2C29E0A60030CE5B /* View */ = {
			isa = PBXGroup;
			children = (
				B471633C2C29E0B30030CE5B /* AccountView.swift */,
			);
			path = View;
			sourceTree = "<group>";
		};
		B47163442C29E43C0030CE5B /* Transactions */ = {
			isa = PBXGroup;
			children = (
				B47163452C29E44E0030CE5B /* CreateTransactionUseCase.swift */,
				B47163472C29E5EF0030CE5B /* FetchAllTransactionsUseCase.swift */,
				B47163492C29E63F0030CE5B /* RemoveTransactionUseCase.swift */,
				B471634B2C29E6800030CE5B /* UpdateTransactionUseCase.swift */,
			);
			path = Transactions;
			sourceTree = "<group>";
		};
		B4969D952C34193E004EF398 /* Models */ = {
			isa = PBXGroup;
			children = (
				B4969D962C341949004EF398 /* Tab.swift */,
			);
			path = Models;
			sourceTree = "<group>";
		};
		B4969D9A2C341D7E004EF398 /* Views */ = {
			isa = PBXGroup;
			children = (
				B4969D9B2C341D86004EF398 /* AnalyticsView.swift */,
			);
			path = Views;
			sourceTree = "<group>";
		};
		B4969D9D2C341D9C004EF398 /* Views */ = {
			isa = PBXGroup;
			children = (
				B4969D9E2C341DA4004EF398 /* SettingsView.swift */,
			);
			path = Views;
			sourceTree = "<group>";
		};
		B4BDD1F92C2C38E6005934AD /* Categories */ = {
			isa = PBXGroup;
			children = (
				B4BDD1FA2C2C38F1005934AD /* CreateCategoryUseCase.swift */,
				B4BDD1FC2C2C3A3F005934AD /* FetchAllCategoriesUseCase.swift */,
				B4BDD2002C2C3C35005934AD /* UpdateCategoryUseCase.swift */,
				B4BDD1FE2C2C3B3E005934AD /* RemoveCategoryUseCase.swift */,
			);
			path = Categories;
			sourceTree = "<group>";
		};
		B4D855472C3EE39D00E0AD4B /* Subscription */ = {
			isa = PBXGroup;
			children = (
				B4D855482C3EE3AE00E0AD4B /* CreateSubscriptionUseCase.swift */,
				B4D8554A2C3EE49800E0AD4B /* FetchAllSubscriptionsUseCase.swift */,
				B4D8554C2C3EE4FB00E0AD4B /* UpdateSubscriptionUseCase.swift */,
				B4D8554E2C3EE58900E0AD4B /* RemoveSubscriptionUseCase.swift */,
			);
			path = Subscription;
			sourceTree = "<group>";
		};
		B4D855522C3EF92900E0AD4B /* Notifications */ = {
			isa = PBXGroup;
			children = (
				B4D855532C3EF93A00E0AD4B /* Views */,
			);
			path = Notifications;
			sourceTree = "<group>";
		};
		B4D855532C3EF93A00E0AD4B /* Views */ = {
			isa = PBXGroup;
			children = (
				B4D855542C3EF94700E0AD4B /* NotificationsView.swift */,
			);
			path = Views;
			sourceTree = "<group>";
		};
/* End PBXGroup section */

/* Begin PBXNativeTarget section */
		B47162D12C2989B40030CE5B /* ETracker */ = {
			isa = PBXNativeTarget;
			buildConfigurationList = B47162E02C2989B50030CE5B /* Build configuration list for PBXNativeTarget "ETracker" */;
			buildPhases = (
				B47162CE2C2989B40030CE5B /* Sources */,
				B47162CF2C2989B40030CE5B /* Frameworks */,
				B47162D02C2989B40030CE5B /* Resources */,
			);
			buildRules = (
			);
			dependencies = (
			);
			name = ETracker;
			packageProductDependencies = (
				B47162E92C298AB80030CE5B /* FirebaseAnalytics */,
				B47162EB2C298AB80030CE5B /* FirebaseAnalyticsSwift */,
				B47162ED2C298AB80030CE5B /* FirebaseAuth */,
			);
			productName = ETracker;
			productReference = B47162D22C2989B40030CE5B /* ETracker.app */;
			productType = "com.apple.product-type.application";
		};
/* End PBXNativeTarget section */

/* Begin PBXProject section */
		B47162CA2C2989B40030CE5B /* Project object */ = {
			isa = PBXProject;
			attributes = {
				BuildIndependentTargetsInParallel = 1;
				LastSwiftUpdateCheck = 1520;
				LastUpgradeCheck = 1520;
				TargetAttributes = {
					B47162D12C2989B40030CE5B = {
						CreatedOnToolsVersion = 15.2;
					};
				};
			};
			buildConfigurationList = B47162CD2C2989B40030CE5B /* Build configuration list for PBXProject "ETracker" */;
			compatibilityVersion = "Xcode 14.0";
			developmentRegion = en;
			hasScannedForEncodings = 0;
			knownRegions = (
				en,
				Base,
			);
			mainGroup = B47162C92C2989B30030CE5B;
			packageReferences = (
				B47162E82C298AB80030CE5B /* XCRemoteSwiftPackageReference "firebase-ios-sdk" */,
			);
			productRefGroup = B47162D32C2989B40030CE5B /* Products */;
			projectDirPath = "";
			projectRoot = "";
			targets = (
				B47162D12C2989B40030CE5B /* ETracker */,
			);
		};
/* End PBXProject section */

/* Begin PBXResourcesBuildPhase section */
		B47162D02C2989B40030CE5B /* Resources */ = {
			isa = PBXResourcesBuildPhase;
			buildActionMask = 2147483647;
			files = (
				B47162DD2C2989B50030CE5B /* Preview Assets.xcassets in Resources */,
				B47162DA2C2989B50030CE5B /* Assets.xcassets in Resources */,
				B47162E72C298A670030CE5B /* GoogleService-Info.plist in Resources */,
			);
			runOnlyForDeploymentPostprocessing = 0;
		};
/* End PBXResourcesBuildPhase section */

/* Begin PBXSourcesBuildPhase section */
		B47162CE2C2989B40030CE5B /* Sources */ = {
			isa = PBXSourcesBuildPhase;
			buildActionMask = 2147483647;
			files = (
				B45761212C2AE14A00832CAE /* TransactionsList.swift in Sources */,
				B4BDD1FB2C2C38F1005934AD /* CreateCategoryUseCase.swift in Sources */,
				B471630B2C298E4F0030CE5B /* AuthenticationViewModel.swift in Sources */,
				B4BDD2012C2C3C35005934AD /* UpdateCategoryUseCase.swift in Sources */,
				B4BC51252C3ED306009026B4 /* RoundedButton.swift in Sources */,
				B4BDD1F42C2C2B45005934AD /* CategoryPicker.swift in Sources */,
				B47163412C29E32B0030CE5B /* TabItemModifier.swift in Sources */,
				B4969D942C3416C3004EF398 /* RootView.swift in Sources */,
				B4D8554F2C3EE58900E0AD4B /* RemoveSubscriptionUseCase.swift in Sources */,
				B47163282C299C7A0030CE5B /* VerticalDivider.swift in Sources */,
				B471630F2C298EA90030CE5B /* ExpenseTrackerDatabase.swift in Sources */,
				B47163112C298ECA0030CE5B /* Transaction.swift in Sources */,
				B47163482C29E5EF0030CE5B /* FetchAllTransactionsUseCase.swift in Sources */,
				B47163362C29C6710030CE5B /* RestorePasswordView.swift in Sources */,
				B4BDD1F82C2C389F005934AD /* CategoriesViewModel.swift in Sources */,
				B4D8554B2C3EE49800E0AD4B /* FetchAllSubscriptionsUseCase.swift in Sources */,
				B47162D82C2989B40030CE5B /* ContentView.swift in Sources */,
				B471632A2C29A0EF0030CE5B /* CustomInputFieldModifier.swift in Sources */,
				B471631F2C2992920030CE5B /* MainTab.swift in Sources */,
				B457611D2C2ADEEA00832CAE /* AddTransaction.swift in Sources */,
				B4D855512C3EE9E000E0AD4B /* AddSubscription.swift in Sources */,
				B4D8554D2C3EE4FB00E0AD4B /* UpdateSubscriptionUseCase.swift in Sources */,
				B471631B2C298F710030CE5B /* Subscription.swift in Sources */,
				B471634C2C29E6800030CE5B /* UpdateTransactionUseCase.swift in Sources */,
				B4BDD1EE2C2C0794005934AD /* ImageInput.swift in Sources */,
				B4969D972C341949004EF398 /* Tab.swift in Sources */,
				B471632C2C29A2250030CE5B /* CustomInputField.swift in Sources */,
				B4BDD1FF2C2C3B3E005934AD /* RemoveCategoryUseCase.swift in Sources */,
				B457611F2C2AE08300832CAE /* PlusButton.swift in Sources */,
				B47162D62C2989B40030CE5B /* ETrackerApp.swift in Sources */,
				B471630D2C298E740030CE5B /* AuthService.swift in Sources */,
				B47A9C9D2C2F2596003B0A26 /* CategoriesRow.swift in Sources */,
				B47163302C29A8150030CE5B /* Gradients.swift in Sources */,
				B47163262C299AD40030CE5B /* DateInput.swift in Sources */,
				B4969D9F2C341DA4004EF398 /* SettingsView.swift in Sources */,
				B471633F2C29E2EA0030CE5B /* TransactionsView.swift in Sources */,
				B4969D902C3407C9004EF398 /* EditTransaction.swift in Sources */,
				B47163462C29E44E0030CE5B /* CreateTransactionUseCase.swift in Sources */,
				B45761252C2AE8B500832CAE /* CustomNilDatePicker.swift in Sources */,
				B4969D992C341D67004EF398 /* SubscriptionsView.swift in Sources */,
				B45761272C2AEE7D00832CAE /* CloseButton.swift in Sources */,
				B47163382C29DCFC0030CE5B /* AuthenticationView.swift in Sources */,
				B471634A2C29E63F0030CE5B /* RemoveTransactionUseCase.swift in Sources */,
				B47163322C29B58A0030CE5B /* FormDivider.swift in Sources */,
				B47163172C298F450030CE5B /* Icon.swift in Sources */,
				B4969D9C2C341D86004EF398 /* AnalyticsView.swift in Sources */,
				B4D855552C3EF94700E0AD4B /* NotificationsView.swift in Sources */,
				B48AFB212C29F540008C0886 /* TransactionCell.swift in Sources */,
				B4BDD1F02C2C0E18005934AD /* ImagePicker.swift in Sources */,
				B48FA6592C331978005C4573 /* ReceiptView.swift in Sources */,
				B47163432C29E3D60030CE5B /* TransactionsViewModel.swift in Sources */,
				B4969D922C34139D004EF398 /* CustomTabBar.swift in Sources */,
				B48FA6572C32F8CF005C4573 /* TransactionInfo.swift in Sources */,
				B471631D2C298F980030CE5B /* SubNotification.swift in Sources */,
				B48AFB252C29FD19008C0886 /* NumberFormatter.swift in Sources */,
				B4BDD1FD2C2C3A3F005934AD /* FetchAllCategoriesUseCase.swift in Sources */,
				B47163342C29BF890030CE5B /* SignUpView.swift in Sources */,
				B471633D2C29E0B30030CE5B /* AccountView.swift in Sources */,
				B47163192C298F530030CE5B /* HexColor.swift in Sources */,
				B4D855442C3EE23500E0AD4B /* Logo.swift in Sources */,
				B4D855462C3EE39300E0AD4B /* SubscriptionsViewModel.swift in Sources */,
				B4D855492C3EE3AE00E0AD4B /* CreateSubscriptionUseCase.swift in Sources */,
				B47163152C298F2B0030CE5B /* Category.swift in Sources */,
				B471632E2C29A6690030CE5B /* Buttons.swift in Sources */,
				B47163212C2993580030CE5B /* SignInView.swift in Sources */,
				B48AFB232C29F7E2008C0886 /* CardView.swift in Sources */,
				B4BDD1F62C2C2E57005934AD /* TestView.swift in Sources */,
				B45761232C2AE43B00832CAE /* MoneyInput.swift in Sources */,
				B47A9C9F2C2F2784003B0A26 /* RoundedIcon.swift in Sources */,
				B4BDD1F22C2C14AC005934AD /* CustomCapsule.swift in Sources */,
				B47163232C2993730030CE5B /* ProfileBar.swift in Sources */,
			);
			runOnlyForDeploymentPostprocessing = 0;
		};
/* End PBXSourcesBuildPhase section */

/* Begin XCBuildConfiguration section */
		B47162DE2C2989B50030CE5B /* Debug */ = {
			isa = XCBuildConfiguration;
			buildSettings = {
				ALWAYS_SEARCH_USER_PATHS = NO;
				ASSETCATALOG_COMPILER_GENERATE_SWIFT_ASSET_SYMBOL_EXTENSIONS = YES;
				CLANG_ANALYZER_NONNULL = YES;
				CLANG_ANALYZER_NUMBER_OBJECT_CONVERSION = YES_AGGRESSIVE;
				CLANG_CXX_LANGUAGE_STANDARD = "gnu++20";
				CLANG_ENABLE_MODULES = YES;
				CLANG_ENABLE_OBJC_ARC = YES;
				CLANG_ENABLE_OBJC_WEAK = YES;
				CLANG_WARN_BLOCK_CAPTURE_AUTORELEASING = YES;
				CLANG_WARN_BOOL_CONVERSION = YES;
				CLANG_WARN_COMMA = YES;
				CLANG_WARN_CONSTANT_CONVERSION = YES;
				CLANG_WARN_DEPRECATED_OBJC_IMPLEMENTATIONS = YES;
				CLANG_WARN_DIRECT_OBJC_ISA_USAGE = YES_ERROR;
				CLANG_WARN_DOCUMENTATION_COMMENTS = YES;
				CLANG_WARN_EMPTY_BODY = YES;
				CLANG_WARN_ENUM_CONVERSION = YES;
				CLANG_WARN_INFINITE_RECURSION = YES;
				CLANG_WARN_INT_CONVERSION = YES;
				CLANG_WARN_NON_LITERAL_NULL_CONVERSION = YES;
				CLANG_WARN_OBJC_IMPLICIT_RETAIN_SELF = YES;
				CLANG_WARN_OBJC_LITERAL_CONVERSION = YES;
				CLANG_WARN_OBJC_ROOT_CLASS = YES_ERROR;
				CLANG_WARN_QUOTED_INCLUDE_IN_FRAMEWORK_HEADER = YES;
				CLANG_WARN_RANGE_LOOP_ANALYSIS = YES;
				CLANG_WARN_STRICT_PROTOTYPES = YES;
				CLANG_WARN_SUSPICIOUS_MOVE = YES;
				CLANG_WARN_UNGUARDED_AVAILABILITY = YES_AGGRESSIVE;
				CLANG_WARN_UNREACHABLE_CODE = YES;
				CLANG_WARN__DUPLICATE_METHOD_MATCH = YES;
				COPY_PHASE_STRIP = NO;
				DEBUG_INFORMATION_FORMAT = dwarf;
				ENABLE_STRICT_OBJC_MSGSEND = YES;
				ENABLE_TESTABILITY = YES;
				ENABLE_USER_SCRIPT_SANDBOXING = YES;
				GCC_C_LANGUAGE_STANDARD = gnu17;
				GCC_DYNAMIC_NO_PIC = NO;
				GCC_NO_COMMON_BLOCKS = YES;
				GCC_OPTIMIZATION_LEVEL = 0;
				GCC_PREPROCESSOR_DEFINITIONS = (
					"DEBUG=1",
					"$(inherited)",
				);
				GCC_WARN_64_TO_32_BIT_CONVERSION = YES;
				GCC_WARN_ABOUT_RETURN_TYPE = YES_ERROR;
				GCC_WARN_UNDECLARED_SELECTOR = YES;
				GCC_WARN_UNINITIALIZED_AUTOS = YES_AGGRESSIVE;
				GCC_WARN_UNUSED_FUNCTION = YES;
				GCC_WARN_UNUSED_VARIABLE = YES;
				IPHONEOS_DEPLOYMENT_TARGET = 17.2;
				LOCALIZATION_PREFERS_STRING_CATALOGS = YES;
				MTL_ENABLE_DEBUG_INFO = INCLUDE_SOURCE;
				MTL_FAST_MATH = YES;
				ONLY_ACTIVE_ARCH = YES;
				SDKROOT = iphoneos;
				SWIFT_ACTIVE_COMPILATION_CONDITIONS = "DEBUG $(inherited)";
				SWIFT_OPTIMIZATION_LEVEL = "-Onone";
			};
			name = Debug;
		};
		B47162DF2C2989B50030CE5B /* Release */ = {
			isa = XCBuildConfiguration;
			buildSettings = {
				ALWAYS_SEARCH_USER_PATHS = NO;
				ASSETCATALOG_COMPILER_GENERATE_SWIFT_ASSET_SYMBOL_EXTENSIONS = YES;
				CLANG_ANALYZER_NONNULL = YES;
				CLANG_ANALYZER_NUMBER_OBJECT_CONVERSION = YES_AGGRESSIVE;
				CLANG_CXX_LANGUAGE_STANDARD = "gnu++20";
				CLANG_ENABLE_MODULES = YES;
				CLANG_ENABLE_OBJC_ARC = YES;
				CLANG_ENABLE_OBJC_WEAK = YES;
				CLANG_WARN_BLOCK_CAPTURE_AUTORELEASING = YES;
				CLANG_WARN_BOOL_CONVERSION = YES;
				CLANG_WARN_COMMA = YES;
				CLANG_WARN_CONSTANT_CONVERSION = YES;
				CLANG_WARN_DEPRECATED_OBJC_IMPLEMENTATIONS = YES;
				CLANG_WARN_DIRECT_OBJC_ISA_USAGE = YES_ERROR;
				CLANG_WARN_DOCUMENTATION_COMMENTS = YES;
				CLANG_WARN_EMPTY_BODY = YES;
				CLANG_WARN_ENUM_CONVERSION = YES;
				CLANG_WARN_INFINITE_RECURSION = YES;
				CLANG_WARN_INT_CONVERSION = YES;
				CLANG_WARN_NON_LITERAL_NULL_CONVERSION = YES;
				CLANG_WARN_OBJC_IMPLICIT_RETAIN_SELF = YES;
				CLANG_WARN_OBJC_LITERAL_CONVERSION = YES;
				CLANG_WARN_OBJC_ROOT_CLASS = YES_ERROR;
				CLANG_WARN_QUOTED_INCLUDE_IN_FRAMEWORK_HEADER = YES;
				CLANG_WARN_RANGE_LOOP_ANALYSIS = YES;
				CLANG_WARN_STRICT_PROTOTYPES = YES;
				CLANG_WARN_SUSPICIOUS_MOVE = YES;
				CLANG_WARN_UNGUARDED_AVAILABILITY = YES_AGGRESSIVE;
				CLANG_WARN_UNREACHABLE_CODE = YES;
				CLANG_WARN__DUPLICATE_METHOD_MATCH = YES;
				COPY_PHASE_STRIP = NO;
				DEBUG_INFORMATION_FORMAT = "dwarf-with-dsym";
				ENABLE_NS_ASSERTIONS = NO;
				ENABLE_STRICT_OBJC_MSGSEND = YES;
				ENABLE_USER_SCRIPT_SANDBOXING = YES;
				GCC_C_LANGUAGE_STANDARD = gnu17;
				GCC_NO_COMMON_BLOCKS = YES;
				GCC_WARN_64_TO_32_BIT_CONVERSION = YES;
				GCC_WARN_ABOUT_RETURN_TYPE = YES_ERROR;
				GCC_WARN_UNDECLARED_SELECTOR = YES;
				GCC_WARN_UNINITIALIZED_AUTOS = YES_AGGRESSIVE;
				GCC_WARN_UNUSED_FUNCTION = YES;
				GCC_WARN_UNUSED_VARIABLE = YES;
				IPHONEOS_DEPLOYMENT_TARGET = 17.2;
				LOCALIZATION_PREFERS_STRING_CATALOGS = YES;
				MTL_ENABLE_DEBUG_INFO = NO;
				MTL_FAST_MATH = YES;
				SDKROOT = iphoneos;
				SWIFT_COMPILATION_MODE = wholemodule;
				VALIDATE_PRODUCT = YES;
			};
			name = Release;
		};
		B47162E12C2989B50030CE5B /* Debug */ = {
			isa = XCBuildConfiguration;
			buildSettings = {
				ASSETCATALOG_COMPILER_APPICON_NAME = AppIcon;
				ASSETCATALOG_COMPILER_GLOBAL_ACCENT_COLOR_NAME = AccentColor;
				CODE_SIGN_STYLE = Automatic;
				CURRENT_PROJECT_VERSION = 1;
				DEVELOPMENT_ASSET_PATHS = "ETracker/Resources/Preview\\ Content";
				DEVELOPMENT_TEAM = 5VZ6Q8DGLP;
				ENABLE_PREVIEWS = YES;
				GENERATE_INFOPLIST_FILE = YES;
				INFOPLIST_KEY_UIApplicationSceneManifest_Generation = YES;
				INFOPLIST_KEY_UIApplicationSupportsIndirectInputEvents = YES;
				INFOPLIST_KEY_UILaunchScreen_Generation = YES;
				INFOPLIST_KEY_UISupportedInterfaceOrientations_iPad = "UIInterfaceOrientationPortrait UIInterfaceOrientationPortraitUpsideDown UIInterfaceOrientationLandscapeLeft UIInterfaceOrientationLandscapeRight";
				INFOPLIST_KEY_UISupportedInterfaceOrientations_iPhone = "UIInterfaceOrientationPortrait UIInterfaceOrientationLandscapeLeft UIInterfaceOrientationLandscapeRight";
				LD_RUNPATH_SEARCH_PATHS = (
					"$(inherited)",
					"@executable_path/Frameworks",
				);
				MARKETING_VERSION = 1.0;
				PRODUCT_BUNDLE_IDENTIFIER = com.anceldev.ETracker;
				PRODUCT_NAME = "$(TARGET_NAME)";
				SWIFT_EMIT_LOC_STRINGS = YES;
				SWIFT_VERSION = 5.0;
				TARGETED_DEVICE_FAMILY = "1,2";
			};
			name = Debug;
		};
		B47162E22C2989B50030CE5B /* Release */ = {
			isa = XCBuildConfiguration;
			buildSettings = {
				ASSETCATALOG_COMPILER_APPICON_NAME = AppIcon;
				ASSETCATALOG_COMPILER_GLOBAL_ACCENT_COLOR_NAME = AccentColor;
				CODE_SIGN_STYLE = Automatic;
				CURRENT_PROJECT_VERSION = 1;
				DEVELOPMENT_ASSET_PATHS = "ETracker/Resources/Preview\\ Content";
				DEVELOPMENT_TEAM = 5VZ6Q8DGLP;
				ENABLE_PREVIEWS = YES;
				GENERATE_INFOPLIST_FILE = YES;
				INFOPLIST_KEY_UIApplicationSceneManifest_Generation = YES;
				INFOPLIST_KEY_UIApplicationSupportsIndirectInputEvents = YES;
				INFOPLIST_KEY_UILaunchScreen_Generation = YES;
				INFOPLIST_KEY_UISupportedInterfaceOrientations_iPad = "UIInterfaceOrientationPortrait UIInterfaceOrientationPortraitUpsideDown UIInterfaceOrientationLandscapeLeft UIInterfaceOrientationLandscapeRight";
				INFOPLIST_KEY_UISupportedInterfaceOrientations_iPhone = "UIInterfaceOrientationPortrait UIInterfaceOrientationLandscapeLeft UIInterfaceOrientationLandscapeRight";
				LD_RUNPATH_SEARCH_PATHS = (
					"$(inherited)",
					"@executable_path/Frameworks",
				);
				MARKETING_VERSION = 1.0;
				PRODUCT_BUNDLE_IDENTIFIER = com.anceldev.ETracker;
				PRODUCT_NAME = "$(TARGET_NAME)";
				SWIFT_EMIT_LOC_STRINGS = YES;
				SWIFT_VERSION = 5.0;
				TARGETED_DEVICE_FAMILY = "1,2";
			};
			name = Release;
		};
/* End XCBuildConfiguration section */

/* Begin XCConfigurationList section */
		B47162CD2C2989B40030CE5B /* Build configuration list for PBXProject "ETracker" */ = {
			isa = XCConfigurationList;
			buildConfigurations = (
				B47162DE2C2989B50030CE5B /* Debug */,
				B47162DF2C2989B50030CE5B /* Release */,
			);
			defaultConfigurationIsVisible = 0;
			defaultConfigurationName = Release;
		};
		B47162E02C2989B50030CE5B /* Build configuration list for PBXNativeTarget "ETracker" */ = {
			isa = XCConfigurationList;
			buildConfigurations = (
				B47162E12C2989B50030CE5B /* Debug */,
				B47162E22C2989B50030CE5B /* Release */,
			);
			defaultConfigurationIsVisible = 0;
			defaultConfigurationName = Release;
		};
/* End XCConfigurationList section */

/* Begin XCRemoteSwiftPackageReference section */
		B47162E82C298AB80030CE5B /* XCRemoteSwiftPackageReference "firebase-ios-sdk" */ = {
			isa = XCRemoteSwiftPackageReference;
			repositoryURL = "https://github.com/firebase/firebase-ios-sdk.git";
			requirement = {
				kind = upToNextMajorVersion;
				minimumVersion = 10.28.0;
			};
		};
/* End XCRemoteSwiftPackageReference section */

/* Begin XCSwiftPackageProductDependency section */
		B47162E92C298AB80030CE5B /* FirebaseAnalytics */ = {
			isa = XCSwiftPackageProductDependency;
			package = B47162E82C298AB80030CE5B /* XCRemoteSwiftPackageReference "firebase-ios-sdk" */;
			productName = FirebaseAnalytics;
		};
		B47162EB2C298AB80030CE5B /* FirebaseAnalyticsSwift */ = {
			isa = XCSwiftPackageProductDependency;
			package = B47162E82C298AB80030CE5B /* XCRemoteSwiftPackageReference "firebase-ios-sdk" */;
			productName = FirebaseAnalyticsSwift;
		};
		B47162ED2C298AB80030CE5B /* FirebaseAuth */ = {
			isa = XCSwiftPackageProductDependency;
			package = B47162E82C298AB80030CE5B /* XCRemoteSwiftPackageReference "firebase-ios-sdk" */;
			productName = FirebaseAuth;
		};
/* End XCSwiftPackageProductDependency section */
	};
	rootObject = B47162CA2C2989B40030CE5B /* Project object */;
}
